
Microsoft Visual Studio Solution File, Format Version 12.00
# Visual Studio Version 16
VisualStudioVersion = 16.0.30204.135
MinimumVisualStudioVersion = 10.0.40219.1
Project("{FAE04EC0-301F-11D3-BF4B-00C04F79EFBC}") = "BugTracker", "BugTracker\BugTracker.csproj", "{0148A0F7-A000-4D15-ACDD-D254BA75A895}"
EndProject
Global
	GlobalSection(SolutionConfigurationPlatforms) = preSolution
		Debug|Any CPU = Debug|Any CPU
		Release|Any CPU = Release|Any CPU
	EndGlobalSection
	GlobalSection(ProjectConfigurationPlatforms) = postSolution
		{0148A0F7-A000-4D15-ACDD-D254BA75A895}.Debug|Any CPU.ActiveCfg = Debug|Any CPU
		{0148A0F7-A000-4D15-ACDD-D254BA75A895}.Debug|Any CPU.Build.0 = Debug|Any CPU
		{0148A0F7-A000-4D15-ACDD-D254BA75A895}.Release|Any CPU.ActiveCfg = Release|Any CPU
		{0148A0F7-A000-4D15-ACDD-D254BA75A895}.Release|Any CPU.Build.0 = Release|Any CPU
	EndGlobalSection
	GlobalSection(SolutionProperties) = preSolution
		HideSolutionNode = FALSE
	EndGlobalSection
	GlobalSection(ExtensibilityGlobals) = postSolution
		SolutionGuid = {6D15BAEF-5050-4F71-B819-EAF3DD2F2DF6}
	EndGlobalSection
EndGlobal
